// !$*UTF8*$!
{
	archiveVersion = 1;
	classes = {
	};
	objectVersion = 50;
	objects = {

/* Begin PBXBuildFile section */
		05DEF6E0C337368F2DED9C73 /* Pods_T7JuliaGuide.framework in Frameworks */ = {isa = PBXBuildFile; fileRef = 03091BCEA194C07D73B400B2 /* Pods_T7JuliaGuide.framework */; };
		1C459E2521BF337D004607BB /* FrameDataViewController.swift in Sources */ = {isa = PBXBuildFile; fileRef = 1C459E2421BF337D004607BB /* FrameDataViewController.swift */; };
		1C459E2921BF3933004607BB /* FrameDataTableViewCell.swift in Sources */ = {isa = PBXBuildFile; fileRef = 1C459E2821BF3933004607BB /* FrameDataTableViewCell.swift */; };
		1C459E2D21C06644004607BB /* MoveListDetailsModel.swift in Sources */ = {isa = PBXBuildFile; fileRef = 1C459E2C21C06644004607BB /* MoveListDetailsModel.swift */; };
		1C459E2F21C1AAF9004607BB /* JosieFrames.json in Resources */ = {isa = PBXBuildFile; fileRef = 1C459E2E21C1AAF9004607BB /* JosieFrames.json */; };
		1CA3663621BF1158002DDA15 /* AppDelegate.swift in Sources */ = {isa = PBXBuildFile; fileRef = 1CA3663521BF1158002DDA15 /* AppDelegate.swift */; };
		1CA3663821BF1158002DDA15 /* MainPageViewController.swift in Sources */ = {isa = PBXBuildFile; fileRef = 1CA3663721BF1158002DDA15 /* MainPageViewController.swift */; };
		1CA3663B21BF1158002DDA15 /* Main.storyboard in Resources */ = {isa = PBXBuildFile; fileRef = 1CA3663921BF1158002DDA15 /* Main.storyboard */; };
		1CA3663D21BF1159002DDA15 /* Assets.xcassets in Resources */ = {isa = PBXBuildFile; fileRef = 1CA3663C21BF1159002DDA15 /* Assets.xcassets */; };
		1CA3664021BF1159002DDA15 /* LaunchScreen.storyboard in Resources */ = {isa = PBXBuildFile; fileRef = 1CA3663E21BF1159002DDA15 /* LaunchScreen.storyboard */; };
		1CA3664821BF160B002DDA15 /* MainPageSelectionTableViewCell.swift in Sources */ = {isa = PBXBuildFile; fileRef = 1CA3664721BF160B002DDA15 /* MainPageSelectionTableViewCell.swift */; };
		1CA3664A21BF18AD002DDA15 /* DataManager.swift in Sources */ = {isa = PBXBuildFile; fileRef = 1CA3664921BF18AD002DDA15 /* DataManager.swift */; };
		1CA3664F21BF19F7002DDA15 /* MainPageSelectionModel.swift in Sources */ = {isa = PBXBuildFile; fileRef = 1CA3664E21BF19F7002DDA15 /* MainPageSelectionModel.swift */; };
/* End PBXBuildFile section */

/* Begin PBXFileReference section */
		03091BCEA194C07D73B400B2 /* Pods_T7JuliaGuide.framework */ = {isa = PBXFileReference; explicitFileType = wrapper.framework; includeInIndex = 0; path = Pods_T7JuliaGuide.framework; sourceTree = BUILT_PRODUCTS_DIR; };
		1C459E2421BF337D004607BB /* FrameDataViewController.swift */ = {isa = PBXFileReference; lastKnownFileType = sourcecode.swift; path = FrameDataViewController.swift; sourceTree = "<group>"; };
		1C459E2821BF3933004607BB /* FrameDataTableViewCell.swift */ = {isa = PBXFileReference; lastKnownFileType = sourcecode.swift; path = FrameDataTableViewCell.swift; sourceTree = "<group>"; };
		1C459E2C21C06644004607BB /* MoveListDetailsModel.swift */ = {isa = PBXFileReference; lastKnownFileType = sourcecode.swift; path = MoveListDetailsModel.swift; sourceTree = "<group>"; };
		1C459E2E21C1AAF9004607BB /* JosieFrames.json */ = {isa = PBXFileReference; lastKnownFileType = text.json; path = JosieFrames.json; sourceTree = "<group>"; };
		1CA3663221BF1158002DDA15 /* T7JuliaGuide.app */ = {isa = PBXFileReference; explicitFileType = wrapper.application; includeInIndex = 0; path = T7JuliaGuide.app; sourceTree = BUILT_PRODUCTS_DIR; };
		1CA3663521BF1158002DDA15 /* AppDelegate.swift */ = {isa = PBXFileReference; lastKnownFileType = sourcecode.swift; path = AppDelegate.swift; sourceTree = "<group>"; };
		1CA3663721BF1158002DDA15 /* MainPageViewController.swift */ = {isa = PBXFileReference; lastKnownFileType = sourcecode.swift; path = MainPageViewController.swift; sourceTree = "<group>"; };
		1CA3663A21BF1158002DDA15 /* Base */ = {isa = PBXFileReference; lastKnownFileType = file.storyboard; name = Base; path = Base.lproj/Main.storyboard; sourceTree = "<group>"; };
		1CA3663C21BF1159002DDA15 /* Assets.xcassets */ = {isa = PBXFileReference; lastKnownFileType = folder.assetcatalog; path = Assets.xcassets; sourceTree = "<group>"; };
		1CA3663F21BF1159002DDA15 /* Base */ = {isa = PBXFileReference; lastKnownFileType = file.storyboard; name = Base; path = Base.lproj/LaunchScreen.storyboard; sourceTree = "<group>"; };
		1CA3664121BF1159002DDA15 /* Info.plist */ = {isa = PBXFileReference; lastKnownFileType = text.plist.xml; path = Info.plist; sourceTree = "<group>"; };
		1CA3664721BF160B002DDA15 /* MainPageSelectionTableViewCell.swift */ = {isa = PBXFileReference; lastKnownFileType = sourcecode.swift; path = MainPageSelectionTableViewCell.swift; sourceTree = "<group>"; };
		1CA3664921BF18AD002DDA15 /* DataManager.swift */ = {isa = PBXFileReference; lastKnownFileType = sourcecode.swift; path = DataManager.swift; sourceTree = "<group>"; };
		1CA3664E21BF19F7002DDA15 /* MainPageSelectionModel.swift */ = {isa = PBXFileReference; lastKnownFileType = sourcecode.swift; path = MainPageSelectionModel.swift; sourceTree = "<group>"; };
		4F9871D0905331C727154B6B /* Pods-T7JuliaGuide.release.xcconfig */ = {isa = PBXFileReference; includeInIndex = 1; lastKnownFileType = text.xcconfig; name = "Pods-T7JuliaGuide.release.xcconfig"; path = "Pods/Target Support Files/Pods-T7JuliaGuide/Pods-T7JuliaGuide.release.xcconfig"; sourceTree = "<group>"; };
		D38949BF52712C8E25726DA7 /* Pods-T7JuliaGuide.debug.xcconfig */ = {isa = PBXFileReference; includeInIndex = 1; lastKnownFileType = text.xcconfig; name = "Pods-T7JuliaGuide.debug.xcconfig"; path = "Pods/Target Support Files/Pods-T7JuliaGuide/Pods-T7JuliaGuide.debug.xcconfig"; sourceTree = "<group>"; };
/* End PBXFileReference section */

/* Begin PBXFrameworksBuildPhase section */
		1CA3662F21BF1158002DDA15 /* Frameworks */ = {
			isa = PBXFrameworksBuildPhase;
			buildActionMask = 2147483647;
			files = (
				05DEF6E0C337368F2DED9C73 /* Pods_T7JuliaGuide.framework in Frameworks */,
			);
			runOnlyForDeploymentPostprocessing = 0;
		};
/* End PBXFrameworksBuildPhase section */

/* Begin PBXGroup section */
		1CA3662921BF1158002DDA15 = {
			isa = PBXGroup;
			children = (
				1CA3663421BF1158002DDA15 /* T7JuliaGuide */,
				1CA3663321BF1158002DDA15 /* Products */,
				FF2D0D6A0EBFB11EAB578F18 /* Pods */,
				F36E8DF712942D9209DF5DAD /* Frameworks */,
				1C459E2E21C1AAF9004607BB /* JosieFrames.json */,
			);
			sourceTree = "<group>";
		};
		1CA3663321BF1158002DDA15 /* Products */ = {
			isa = PBXGroup;
			children = (
				1CA3663221BF1158002DDA15 /* T7JuliaGuide.app */,
			);
			name = Products;
			sourceTree = "<group>";
		};
		1CA3663421BF1158002DDA15 /* T7JuliaGuide */ = {
			isa = PBXGroup;
			children = (
				1CA3663521BF1158002DDA15 /* AppDelegate.swift */,
				1CA3664B21BF18EA002DDA15 /* Model */,
				1CA3664C21BF1904002DDA15 /* Controller */,
				1CA3664D21BF1947002DDA15 /* View */,
				1CA3663C21BF1159002DDA15 /* Assets.xcassets */,
				1CA3664121BF1159002DDA15 /* Info.plist */,
			);
			path = T7JuliaGuide;
			sourceTree = "<group>";
		};
		1CA3664B21BF18EA002DDA15 /* Model */ = {
			isa = PBXGroup;
			children = (
				1CA3664921BF18AD002DDA15 /* DataManager.swift */,
				1CA3664E21BF19F7002DDA15 /* MainPageSelectionModel.swift */,
				1C459E2C21C06644004607BB /* MoveListDetailsModel.swift */,
			);
			path = Model;
			sourceTree = "<group>";
		};
		1CA3664C21BF1904002DDA15 /* Controller */ = {
			isa = PBXGroup;
			children = (
				1CA3663721BF1158002DDA15 /* MainPageViewController.swift */,
				1C459E2421BF337D004607BB /* FrameDataViewController.swift */,
			);
			path = Controller;
			sourceTree = "<group>";
		};
		1CA3664D21BF1947002DDA15 /* View */ = {
			isa = PBXGroup;
			children = (
				1CA3663E21BF1159002DDA15 /* LaunchScreen.storyboard */,
				1CA3663921BF1158002DDA15 /* Main.storyboard */,
				1CA3664721BF160B002DDA15 /* MainPageSelectionTableViewCell.swift */,
				1C459E2821BF3933004607BB /* FrameDataTableViewCell.swift */,
			);
			path = View;
			sourceTree = "<group>";
		};
		F36E8DF712942D9209DF5DAD /* Frameworks */ = {
			isa = PBXGroup;
			children = (
				03091BCEA194C07D73B400B2 /* Pods_T7JuliaGuide.framework */,
			);
			name = Frameworks;
			sourceTree = "<group>";
		};
		FF2D0D6A0EBFB11EAB578F18 /* Pods */ = {
			isa = PBXGroup;
			children = (
				D38949BF52712C8E25726DA7 /* Pods-T7JuliaGuide.debug.xcconfig */,
				4F9871D0905331C727154B6B /* Pods-T7JuliaGuide.release.xcconfig */,
			);
			name = Pods;
			sourceTree = "<group>";
		};
/* End PBXGroup section */

/* Begin PBXNativeTarget section */
		1CA3663121BF1158002DDA15 /* T7JuliaGuide */ = {
			isa = PBXNativeTarget;
			buildConfigurationList = 1CA3664421BF1159002DDA15 /* Build configuration list for PBXNativeTarget "T7JuliaGuide" */;
			buildPhases = (
				2E64BF98DF563B6129D5211E /* [CP] Check Pods Manifest.lock */,
				1CA3662E21BF1158002DDA15 /* Sources */,
				1CA3662F21BF1158002DDA15 /* Frameworks */,
				1CA3663021BF1158002DDA15 /* Resources */,
				F9720426E904CE5CF5A243D7 /* [CP] Embed Pods Frameworks */,
			);
			buildRules = (
			);
			dependencies = (
			);
			name = T7JuliaGuide;
			productName = T7JuliaGuide;
			productReference = 1CA3663221BF1158002DDA15 /* T7JuliaGuide.app */;
			productType = "com.apple.product-type.application";
		};
/* End PBXNativeTarget section */

/* Begin PBXProject section */
		1CA3662A21BF1158002DDA15 /* Project object */ = {
			isa = PBXProject;
			attributes = {
				LastSwiftUpdateCheck = 1010;
				LastUpgradeCheck = 1010;
				ORGANIZATIONNAME = "Chris Sipanya";
				TargetAttributes = {
					1CA3663121BF1158002DDA15 = {
						CreatedOnToolsVersion = 10.1;
					};
				};
			};
			buildConfigurationList = 1CA3662D21BF1158002DDA15 /* Build configuration list for PBXProject "T7JuliaGuide" */;
			compatibilityVersion = "Xcode 9.3";
			developmentRegion = en;
			hasScannedForEncodings = 0;
			knownRegions = (
				en,
				Base,
			);
			mainGroup = 1CA3662921BF1158002DDA15;
			productRefGroup = 1CA3663321BF1158002DDA15 /* Products */;
			projectDirPath = "";
			projectRoot = "";
			targets = (
				1CA3663121BF1158002DDA15 /* T7JuliaGuide */,
			);
		};
/* End PBXProject section */

/* Begin PBXResourcesBuildPhase section */
		1CA3663021BF1158002DDA15 /* Resources */ = {
			isa = PBXResourcesBuildPhase;
			buildActionMask = 2147483647;
			files = (
				1C459E2F21C1AAF9004607BB /* JosieFrames.json in Resources */,
				1CA3664021BF1159002DDA15 /* LaunchScreen.storyboard in Resources */,
				1CA3663D21BF1159002DDA15 /* Assets.xcassets in Resources */,
				1CA3663B21BF1158002DDA15 /* Main.storyboard in Resources */,
			);
			runOnlyForDeploymentPostprocessing = 0;
		};
/* End PBXResourcesBuildPhase section */

/* Begin PBXShellScriptBuildPhase section */
		2E64BF98DF563B6129D5211E /* [CP] Check Pods Manifest.lock */ = {
			isa = PBXShellScriptBuildPhase;
			buildActionMask = 2147483647;
			files = (
			);
			inputFileListPaths = (
			);
			inputPaths = (
				"${PODS_PODFILE_DIR_PATH}/Podfile.lock",
				"${PODS_ROOT}/Manifest.lock",
			);
			name = "[CP] Check Pods Manifest.lock";
			outputFileListPaths = (
			);
			outputPaths = (
				"$(DERIVED_FILE_DIR)/Pods-T7JuliaGuide-checkManifestLockResult.txt",
			);
			runOnlyForDeploymentPostprocessing = 0;
			shellPath = /bin/sh;
			shellScript = "diff \"${PODS_PODFILE_DIR_PATH}/Podfile.lock\" \"${PODS_ROOT}/Manifest.lock\" > /dev/null\nif [ $? != 0 ] ; then\n    # print error to STDERR\n    echo \"error: The sandbox is not in sync with the Podfile.lock. Run 'pod install' or update your CocoaPods installation.\" >&2\n    exit 1\nfi\n# This output is used by Xcode 'outputs' to avoid re-running this script phase.\necho \"SUCCESS\" > \"${SCRIPT_OUTPUT_FILE_0}\"\n";
			showEnvVarsInLog = 0;
		};
		F9720426E904CE5CF5A243D7 /* [CP] Embed Pods Frameworks */ = {
			isa = PBXShellScriptBuildPhase;
			buildActionMask = 2147483647;
			files = (
			);
			inputFileListPaths = (
			);
			inputPaths = (
				"${SRCROOT}/Pods/Target Support Files/Pods-T7JuliaGuide/Pods-T7JuliaGuide-frameworks.sh",
				"${BUILT_PRODUCTS_DIR}/SwiftyJSON/SwiftyJSON.framework",
			);
			name = "[CP] Embed Pods Frameworks";
			outputFileListPaths = (
			);
			outputPaths = (
				"${TARGET_BUILD_DIR}/${FRAMEWORKS_FOLDER_PATH}/SwiftyJSON.framework",
			);
			runOnlyForDeploymentPostprocessing = 0;
			shellPath = /bin/sh;
			shellScript = "\"${SRCROOT}/Pods/Target Support Files/Pods-T7JuliaGuide/Pods-T7JuliaGuide-frameworks.sh\"\n";
			showEnvVarsInLog = 0;
		};
/* End PBXShellScriptBuildPhase section */

/* Begin PBXSourcesBuildPhase section */
		1CA3662E21BF1158002DDA15 /* Sources */ = {
			isa = PBXSourcesBuildPhase;
			buildActionMask = 2147483647;
			files = (
				1C459E2521BF337D004607BB /* FrameDataViewController.swift in Sources */,
				1C459E2D21C06644004607BB /* MoveListDetailsModel.swift in Sources */,
				1CA3664F21BF19F7002DDA15 /* MainPageSelectionModel.swift in Sources */,
				1CA3663821BF1158002DDA15 /* MainPageViewController.swift in Sources */,
				1CA3664A21BF18AD002DDA15 /* DataManager.swift in Sources */,
				1CA3663621BF1158002DDA15 /* AppDelegate.swift in Sources */,
				1CA3664821BF160B002DDA15 /* MainPageSelectionTableViewCell.swift in Sources */,
				1C459E2921BF3933004607BB /* FrameDataTableViewCell.swift in Sources */,
			);
			runOnlyForDeploymentPostprocessing = 0;
		};
/* End PBXSourcesBuildPhase section */

/* Begin PBXVariantGroup section */
		1CA3663921BF1158002DDA15 /* Main.storyboard */ = {
			isa = PBXVariantGroup;
			children = (
				1CA3663A21BF1158002DDA15 /* Base */,
			);
			name = Main.storyboard;
			sourceTree = "<group>";
		};
		1CA3663E21BF1159002DDA15 /* LaunchScreen.storyboard */ = {
			isa = PBXVariantGroup;
			children = (
				1CA3663F21BF1159002DDA15 /* Base */,
			);
			name = LaunchScreen.storyboard;
			sourceTree = "<group>";
		};
/* End PBXVariantGroup section */

/* Begin XCBuildConfiguration section */
		1CA3664221BF1159002DDA15 /* Debug */ = {
			isa = XCBuildConfiguration;
			buildSettings = {
				ALWAYS_SEARCH_USER_PATHS = NO;
				CLANG_ANALYZER_NONNULL = YES;
				CLANG_ANALYZER_NUMBER_OBJECT_CONVERSION = YES_AGGRESSIVE;
				CLANG_CXX_LANGUAGE_STANDARD = "gnu++14";
				CLANG_CXX_LIBRARY = "libc++";
				CLANG_ENABLE_MODULES = YES;
				CLANG_ENABLE_OBJC_ARC = YES;
				CLANG_ENABLE_OBJC_WEAK = YES;
				CLANG_WARN_BLOCK_CAPTURE_AUTORELEASING = YES;
				CLANG_WARN_BOOL_CONVERSION = YES;
				CLANG_WARN_COMMA = YES;
				CLANG_WARN_CONSTANT_CONVERSION = YES;
				CLANG_WARN_DEPRECATED_OBJC_IMPLEMENTATIONS = YES;
				CLANG_WARN_DIRECT_OBJC_ISA_USAGE = YES_ERROR;
				CLANG_WARN_DOCUMENTATION_COMMENTS = YES;
				CLANG_WARN_EMPTY_BODY = YES;
				CLANG_WARN_ENUM_CONVERSION = YES;
				CLANG_WARN_INFINITE_RECURSION = YES;
				CLANG_WARN_INT_CONVERSION = YES;
				CLANG_WARN_NON_LITERAL_NULL_CONVERSION = YES;
				CLANG_WARN_OBJC_IMPLICIT_RETAIN_SELF = YES;
				CLANG_WARN_OBJC_LITERAL_CONVERSION = YES;
				CLANG_WARN_OBJC_ROOT_CLASS = YES_ERROR;
				CLANG_WARN_RANGE_LOOP_ANALYSIS = YES;
				CLANG_WARN_STRICT_PROTOTYPES = YES;
				CLANG_WARN_SUSPICIOUS_MOVE = YES;
				CLANG_WARN_UNGUARDED_AVAILABILITY = YES_AGGRESSIVE;
				CLANG_WARN_UNREACHABLE_CODE = YES;
				CLANG_WARN__DUPLICATE_METHOD_MATCH = YES;
				CODE_SIGN_IDENTITY = "iPhone Developer";
				COPY_PHASE_STRIP = NO;
				DEBUG_INFORMATION_FORMAT = dwarf;
				ENABLE_STRICT_OBJC_MSGSEND = YES;
				ENABLE_TESTABILITY = YES;
				GCC_C_LANGUAGE_STANDARD = gnu11;
				GCC_DYNAMIC_NO_PIC = NO;
				GCC_NO_COMMON_BLOCKS = YES;
				GCC_OPTIMIZATION_LEVEL = 0;
				GCC_PREPROCESSOR_DEFINITIONS = (
					"DEBUG=1",
					"$(inherited)",
				);
				GCC_WARN_64_TO_32_BIT_CONVERSION = YES;
				GCC_WARN_ABOUT_RETURN_TYPE = YES_ERROR;
				GCC_WARN_UNDECLARED_SELECTOR = YES;
				GCC_WARN_UNINITIALIZED_AUTOS = YES_AGGRESSIVE;
				GCC_WARN_UNUSED_FUNCTION = YES;
				GCC_WARN_UNUSED_VARIABLE = YES;
				IPHONEOS_DEPLOYMENT_TARGET = 12.1;
				MTL_ENABLE_DEBUG_INFO = INCLUDE_SOURCE;
				MTL_FAST_MATH = YES;
				ONLY_ACTIVE_ARCH = YES;
				SDKROOT = iphoneos;
				SWIFT_ACTIVE_COMPILATION_CONDITIONS = DEBUG;
				SWIFT_OPTIMIZATION_LEVEL = "-Onone";
			};
			name = Debug;
		};
		1CA3664321BF1159002DDA15 /* Release */ = {
			isa = XCBuildConfiguration;
			buildSettings = {
				ALWAYS_SEARCH_USER_PATHS = NO;
				CLANG_ANALYZER_NONNULL = YES;
				CLANG_ANALYZER_NUMBER_OBJECT_CONVERSION = YES_AGGRESSIVE;
				CLANG_CXX_LANGUAGE_STANDARD = "gnu++14";
				CLANG_CXX_LIBRARY = "libc++";
				CLANG_ENABLE_MODULES = YES;
				CLANG_ENABLE_OBJC_ARC = YES;
				CLANG_ENABLE_OBJC_WEAK = YES;
				CLANG_WARN_BLOCK_CAPTURE_AUTORELEASING = YES;
				CLANG_WARN_BOOL_CONVERSION = YES;
				CLANG_WARN_COMMA = YES;
				CLANG_WARN_CONSTANT_CONVERSION = YES;
				CLANG_WARN_DEPRECATED_OBJC_IMPLEMENTATIONS = YES;
				CLANG_WARN_DIRECT_OBJC_ISA_USAGE = YES_ERROR;
				CLANG_WARN_DOCUMENTATION_COMMENTS = YES;
				CLANG_WARN_EMPTY_BODY = YES;
				CLANG_WARN_ENUM_CONVERSION = YES;
				CLANG_WARN_INFINITE_RECURSION = YES;
				CLANG_WARN_INT_CONVERSION = YES;
				CLANG_WARN_NON_LITERAL_NULL_CONVERSION = YES;
				CLANG_WARN_OBJC_IMPLICIT_RETAIN_SELF = YES;
				CLANG_WARN_OBJC_LITERAL_CONVERSION = YES;
				CLANG_WARN_OBJC_ROOT_CLASS = YES_ERROR;
				CLANG_WARN_RANGE_LOOP_ANALYSIS = YES;
				CLANG_WARN_STRICT_PROTOTYPES = YES;
				CLANG_WARN_SUSPICIOUS_MOVE = YES;
				CLANG_WARN_UNGUARDED_AVAILABILITY = YES_AGGRESSIVE;
				CLANG_WARN_UNREACHABLE_CODE = YES;
				CLANG_WARN__DUPLICATE_METHOD_MATCH = YES;
				CODE_SIGN_IDENTITY = "iPhone Developer";
				COPY_PHASE_STRIP = NO;
				DEBUG_INFORMATION_FORMAT = "dwarf-with-dsym";
				ENABLE_NS_ASSERTIONS = NO;
				ENABLE_STRICT_OBJC_MSGSEND = YES;
				GCC_C_LANGUAGE_STANDARD = gnu11;
				GCC_NO_COMMON_BLOCKS = YES;
				GCC_WARN_64_TO_32_BIT_CONVERSION = YES;
				GCC_WARN_ABOUT_RETURN_TYPE = YES_ERROR;
				GCC_WARN_UNDECLARED_SELECTOR = YES;
				GCC_WARN_UNINITIALIZED_AUTOS = YES_AGGRESSIVE;
				GCC_WARN_UNUSED_FUNCTION = YES;
				GCC_WARN_UNUSED_VARIABLE = YES;
				IPHONEOS_DEPLOYMENT_TARGET = 12.1;
				MTL_ENABLE_DEBUG_INFO = NO;
				MTL_FAST_MATH = YES;
				SDKROOT = iphoneos;
				SWIFT_COMPILATION_MODE = wholemodule;
				SWIFT_OPTIMIZATION_LEVEL = "-O";
				VALIDATE_PRODUCT = YES;
			};
			name = Release;
		};
		1CA3664521BF1159002DDA15 /* Debug */ = {
			isa = XCBuildConfiguration;
			baseConfigurationReference = D38949BF52712C8E25726DA7 /* Pods-T7JuliaGuide.debug.xcconfig */;
			buildSettings = {
				ASSETCATALOG_COMPILER_APPICON_NAME = AppIcon;
				CODE_SIGN_IDENTITY = "iPhone Developer";
				CODE_SIGN_STYLE = Automatic;
				DEVELOPMENT_TEAM = K2NH657RAV;
				INFOPLIST_FILE = T7JuliaGuide/Info.plist;
				LD_RUNPATH_SEARCH_PATHS = (
					"$(inherited)",
					"@executable_path/Frameworks",
				);
				PRODUCT_BUNDLE_IDENTIFIER = "com.chrissipanya.-T7JuliaGuide.T7JuliaGuide";
				PRODUCT_NAME = "$(TARGET_NAME)";
				PROVISIONING_PROFILE_SPECIFIER = "";
				SWIFT_VERSION = 4.2;
				TARGETED_DEVICE_FAMILY = "1,2";
			};
			name = Debug;
		};
		1CA3664621BF1159002DDA15 /* Release */ = {
			isa = XCBuildConfiguration;
			baseConfigurationReference = 4F9871D0905331C727154B6B /* Pods-T7JuliaGuide.release.xcconfig */;
			buildSettings = {
				ASSETCATALOG_COMPILER_APPICON_NAME = AppIcon;
				CODE_SIGN_IDENTITY = "iPhone Developer";
				CODE_SIGN_STYLE = Automatic;
				DEVELOPMENT_TEAM = K2NH657RAV;
				INFOPLIST_FILE = T7JuliaGuide/Info.plist;
				LD_RUNPATH_SEARCH_PATHS = (
					"$(inherited)",
					"@executable_path/Frameworks",
				);
				PRODUCT_BUNDLE_IDENTIFIER = "com.chrissipanya.-T7JuliaGuide.T7JuliaGuide";
				PRODUCT_NAME = "$(TARGET_NAME)";
				PROVISIONING_PROFILE_SPECIFIER = "";
				SWIFT_VERSION = 4.2;
				TARGETED_DEVICE_FAMILY = "1,2";
			};
			name = Release;
		};
/* End XCBuildConfiguration section */

/* Begin XCConfigurationList section */
		1CA3662D21BF1158002DDA15 /* Build configuration list for PBXProject "T7JuliaGuide" */ = {
			isa = XCConfigurationList;
			buildConfigurations = (
				1CA3664221BF1159002DDA15 /* Debug */,
				1CA3664321BF1159002DDA15 /* Release */,
			);
			defaultConfigurationIsVisible = 0;
			defaultConfigurationName = Release;
		};
		1CA3664421BF1159002DDA15 /* Build configuration list for PBXNativeTarget "T7JuliaGuide" */ = {
			isa = XCConfigurationList;
			buildConfigurations = (
				1CA3664521BF1159002DDA15 /* Debug */,
				1CA3664621BF1159002DDA15 /* Release */,
			);
			defaultConfigurationIsVisible = 0;
			defaultConfigurationName = Release;
		};
/* End XCConfigurationList section */
	};
	rootObject = 1CA3662A21BF1158002DDA15 /* Project object */;
}
